// !$*UTF8*$!
{
	archiveVersion = 1;
	classes = {
	};
	objectVersion = 50;
	objects = {

/* Begin PBXBuildFile section */
		C7CAEE1422F3E1FD00FB4A9A /* AppDelegate.m in Sources */ = {isa = PBXBuildFile; fileRef = C7CAEE1322F3E1FD00FB4A9A /* AppDelegate.m */; };
		C7CAEE1722F3E1FD00FB4A9A /* ViewController.m in Sources */ = {isa = PBXBuildFile; fileRef = C7CAEE1622F3E1FD00FB4A9A /* ViewController.m */; };
		C7CAEE1A22F3E1FD00FB4A9A /* Main.storyboard in Resources */ = {isa = PBXBuildFile; fileRef = C7CAEE1822F3E1FD00FB4A9A /* Main.storyboard */; };
		C7CAEE1C22F3E1FF00FB4A9A /* Assets.xcassets in Resources */ = {isa = PBXBuildFile; fileRef = C7CAEE1B22F3E1FF00FB4A9A /* Assets.xcassets */; };
		C7CAEE1F22F3E1FF00FB4A9A /* LaunchScreen.storyboard in Resources */ = {isa = PBXBuildFile; fileRef = C7CAEE1D22F3E1FF00FB4A9A /* LaunchScreen.storyboard */; };
		C7CAEE2222F3E1FF00FB4A9A /* main.m in Sources */ = {isa = PBXBuildFile; fileRef = C7CAEE2122F3E1FF00FB4A9A /* main.m */; };
		C7CAEE2C22F3E1FF00FB4A9A /* GuidePage_DemoTests.m in Sources */ = {isa = PBXBuildFile; fileRef = C7CAEE2B22F3E1FF00FB4A9A /* GuidePage_DemoTests.m */; };
		C7CAEE3722F3E1FF00FB4A9A /* GuidePage_DemoUITests.m in Sources */ = {isa = PBXBuildFile; fileRef = C7CAEE3622F3E1FF00FB4A9A /* GuidePage_DemoUITests.m */; };
		C7CAEE4722F3E26800FB4A9A /* ZLGuidePageView.m in Sources */ = {isa = PBXBuildFile; fileRef = C7CAEE4622F3E26800FB4A9A /* ZLGuidePageView.m */; };
		C7CAEE4A22F3E40400FB4A9A /* ZLGifImageOperation.m in Sources */ = {isa = PBXBuildFile; fileRef = C7CAEE4922F3E40400FB4A9A /* ZLGifImageOperation.m */; };
		C7CAEE5022F40A5700FB4A9A /* HomeViewController.m in Sources */ = {isa = PBXBuildFile; fileRef = C7CAEE4F22F40A5700FB4A9A /* HomeViewController.m */; };
		C7CAEE5B22F44EF300FB4A9A /* guideImage7.gif in Resources */ = {isa = PBXBuildFile; fileRef = C7CAEE5822F44EF300FB4A9A /* guideImage7.gif */; };
		C7CAEE5C22F44EF300FB4A9A /* guideImage6.gif in Resources */ = {isa = PBXBuildFile; fileRef = C7CAEE5922F44EF300FB4A9A /* guideImage6.gif */; };
		C7CAEE5D22F44EF300FB4A9A /* guideImage8.gif in Resources */ = {isa = PBXBuildFile; fileRef = C7CAEE5A22F44EF300FB4A9A /* guideImage8.gif */; };
		C7CAEE5F22F4500700FB4A9A /* guideMovie1.mov in Resources */ = {isa = PBXBuildFile; fileRef = C7CAEE5E22F4500700FB4A9A /* guideMovie1.mov */; };
/* End PBXBuildFile section */

/* Begin PBXContainerItemProxy section */
		C7CAEE2822F3E1FF00FB4A9A /* PBXContainerItemProxy */ = {
			isa = PBXContainerItemProxy;
			containerPortal = C7CAEE0722F3E1FD00FB4A9A /* Project object */;
			proxyType = 1;
			remoteGlobalIDString = C7CAEE0E22F3E1FD00FB4A9A;
			remoteInfo = "GuidePage-Demo";
		};
		C7CAEE3322F3E1FF00FB4A9A /* PBXContainerItemProxy */ = {
			isa = PBXContainerItemProxy;
			containerPortal = C7CAEE0722F3E1FD00FB4A9A /* Project object */;
			proxyType = 1;
			remoteGlobalIDString = C7CAEE0E22F3E1FD00FB4A9A;
			remoteInfo = "GuidePage-Demo";
		};
/* End PBXContainerItemProxy section */

/* Begin PBXFileReference section */
		C7CAEE0F22F3E1FD00FB4A9A /* GuidePage-Demo.app */ = {isa = PBXFileReference; explicitFileType = wrapper.application; includeInIndex = 0; path = "GuidePage-Demo.app"; sourceTree = BUILT_PRODUCTS_DIR; };
		C7CAEE1222F3E1FD00FB4A9A /* AppDelegate.h */ = {isa = PBXFileReference; lastKnownFileType = sourcecode.c.h; path = AppDelegate.h; sourceTree = "<group>"; };
		C7CAEE1322F3E1FD00FB4A9A /* AppDelegate.m */ = {isa = PBXFileReference; lastKnownFileType = sourcecode.c.objc; path = AppDelegate.m; sourceTree = "<group>"; };
		C7CAEE1522F3E1FD00FB4A9A /* ViewController.h */ = {isa = PBXFileReference; lastKnownFileType = sourcecode.c.h; path = ViewController.h; sourceTree = "<group>"; };
		C7CAEE1622F3E1FD00FB4A9A /* ViewController.m */ = {isa = PBXFileReference; lastKnownFileType = sourcecode.c.objc; path = ViewController.m; sourceTree = "<group>"; };
		C7CAEE1922F3E1FD00FB4A9A /* Base */ = {isa = PBXFileReference; lastKnownFileType = file.storyboard; name = Base; path = Base.lproj/Main.storyboard; sourceTree = "<group>"; };
		C7CAEE1B22F3E1FF00FB4A9A /* Assets.xcassets */ = {isa = PBXFileReference; lastKnownFileType = folder.assetcatalog; path = Assets.xcassets; sourceTree = "<group>"; };
		C7CAEE1E22F3E1FF00FB4A9A /* Base */ = {isa = PBXFileReference; lastKnownFileType = file.storyboard; name = Base; path = Base.lproj/LaunchScreen.storyboard; sourceTree = "<group>"; };
		C7CAEE2022F3E1FF00FB4A9A /* Info.plist */ = {isa = PBXFileReference; lastKnownFileType = text.plist.xml; path = Info.plist; sourceTree = "<group>"; };
		C7CAEE2122F3E1FF00FB4A9A /* main.m */ = {isa = PBXFileReference; lastKnownFileType = sourcecode.c.objc; path = main.m; sourceTree = "<group>"; };
		C7CAEE2722F3E1FF00FB4A9A /* GuidePage-DemoTests.xctest */ = {isa = PBXFileReference; explicitFileType = wrapper.cfbundle; includeInIndex = 0; path = "GuidePage-DemoTests.xctest"; sourceTree = BUILT_PRODUCTS_DIR; };
		C7CAEE2B22F3E1FF00FB4A9A /* GuidePage_DemoTests.m */ = {isa = PBXFileReference; lastKnownFileType = sourcecode.c.objc; path = GuidePage_DemoTests.m; sourceTree = "<group>"; };
		C7CAEE2D22F3E1FF00FB4A9A /* Info.plist */ = {isa = PBXFileReference; lastKnownFileType = text.plist.xml; path = Info.plist; sourceTree = "<group>"; };
		C7CAEE3222F3E1FF00FB4A9A /* GuidePage-DemoUITests.xctest */ = {isa = PBXFileReference; explicitFileType = wrapper.cfbundle; includeInIndex = 0; path = "GuidePage-DemoUITests.xctest"; sourceTree = BUILT_PRODUCTS_DIR; };
		C7CAEE3622F3E1FF00FB4A9A /* GuidePage_DemoUITests.m */ = {isa = PBXFileReference; lastKnownFileType = sourcecode.c.objc; path = GuidePage_DemoUITests.m; sourceTree = "<group>"; };
		C7CAEE3822F3E1FF00FB4A9A /* Info.plist */ = {isa = PBXFileReference; lastKnownFileType = text.plist.xml; path = Info.plist; sourceTree = "<group>"; };
		C7CAEE4522F3E26800FB4A9A /* ZLGuidePageView.h */ = {isa = PBXFileReference; lastKnownFileType = sourcecode.c.h; path = ZLGuidePageView.h; sourceTree = "<group>"; };
		C7CAEE4622F3E26800FB4A9A /* ZLGuidePageView.m */ = {isa = PBXFileReference; lastKnownFileType = sourcecode.c.objc; path = ZLGuidePageView.m; sourceTree = "<group>"; };
		C7CAEE4822F3E40400FB4A9A /* ZLGifImageOperation.h */ = {isa = PBXFileReference; lastKnownFileType = sourcecode.c.h; path = ZLGifImageOperation.h; sourceTree = "<group>"; };
		C7CAEE4922F3E40400FB4A9A /* ZLGifImageOperation.m */ = {isa = PBXFileReference; lastKnownFileType = sourcecode.c.objc; path = ZLGifImageOperation.m; sourceTree = "<group>"; };
		C7CAEE4C22F3E4C300FB4A9A /* AppMacro.h */ = {isa = PBXFileReference; lastKnownFileType = sourcecode.c.h; path = AppMacro.h; sourceTree = "<group>"; };
		C7CAEE4E22F40A5700FB4A9A /* HomeViewController.h */ = {isa = PBXFileReference; lastKnownFileType = sourcecode.c.h; path = HomeViewController.h; sourceTree = "<group>"; };
		C7CAEE4F22F40A5700FB4A9A /* HomeViewController.m */ = {isa = PBXFileReference; lastKnownFileType = sourcecode.c.objc; path = HomeViewController.m; sourceTree = "<group>"; };
		C7CAEE5822F44EF300FB4A9A /* guideImage7.gif */ = {isa = PBXFileReference; lastKnownFileType = image.gif; path = guideImage7.gif; sourceTree = "<group>"; };
		C7CAEE5922F44EF300FB4A9A /* guideImage6.gif */ = {isa = PBXFileReference; lastKnownFileType = image.gif; path = guideImage6.gif; sourceTree = "<group>"; };
		C7CAEE5A22F44EF300FB4A9A /* guideImage8.gif */ = {isa = PBXFileReference; lastKnownFileType = image.gif; path = guideImage8.gif; sourceTree = "<group>"; };
		C7CAEE5E22F4500700FB4A9A /* guideMovie1.mov */ = {isa = PBXFileReference; lastKnownFileType = video.quicktime; path = guideMovie1.mov; sourceTree = "<group>"; };
/* End PBXFileReference section */

/* Begin PBXFrameworksBuildPhase section */
		C7CAEE0C22F3E1FD00FB4A9A /* Frameworks */ = {
			isa = PBXFrameworksBuildPhase;
			buildActionMask = 2147483647;
			files = (
			);
			runOnlyForDeploymentPostprocessing = 0;
		};
		C7CAEE2422F3E1FF00FB4A9A /* Frameworks */ = {
			isa = PBXFrameworksBuildPhase;
			buildActionMask = 2147483647;
			files = (
			);
			runOnlyForDeploymentPostprocessing = 0;
		};
		C7CAEE2F22F3E1FF00FB4A9A /* Frameworks */ = {
			isa = PBXFrameworksBuildPhase;
			buildActionMask = 2147483647;
			files = (
			);
			runOnlyForDeploymentPostprocessing = 0;
		};
/* End PBXFrameworksBuildPhase section */

/* Begin PBXGroup section */
		C7CAEE0622F3E1FD00FB4A9A = {
			isa = PBXGroup;
			children = (
				C7CAEE1122F3E1FD00FB4A9A /* GuidePage-Demo */,
				C7CAEE2A22F3E1FF00FB4A9A /* GuidePage-DemoTests */,
				C7CAEE3522F3E1FF00FB4A9A /* GuidePage-DemoUITests */,
				C7CAEE1022F3E1FD00FB4A9A /* Products */,
			);
			sourceTree = "<group>";
		};
		C7CAEE1022F3E1FD00FB4A9A /* Products */ = {
			isa = PBXGroup;
			children = (
				C7CAEE0F22F3E1FD00FB4A9A /* GuidePage-Demo.app */,
				C7CAEE2722F3E1FF00FB4A9A /* GuidePage-DemoTests.xctest */,
				C7CAEE3222F3E1FF00FB4A9A /* GuidePage-DemoUITests.xctest */,
			);
			name = Products;
			sourceTree = "<group>";
		};
		C7CAEE1122F3E1FD00FB4A9A /* GuidePage-Demo */ = {
			isa = PBXGroup;
			children = (
				C7CAEE5722F44EEA00FB4A9A /* Image */,
				C7CAEE4422F3E24D00FB4A9A /* Guide */,
				C7CAEE1222F3E1FD00FB4A9A /* AppDelegate.h */,
				C7CAEE1322F3E1FD00FB4A9A /* AppDelegate.m */,
				C7CAEE1522F3E1FD00FB4A9A /* ViewController.h */,
				C7CAEE1622F3E1FD00FB4A9A /* ViewController.m */,
				C7CAEE4E22F40A5700FB4A9A /* HomeViewController.h */,
				C7CAEE4F22F40A5700FB4A9A /* HomeViewController.m */,
				C7CAEE1822F3E1FD00FB4A9A /* Main.storyboard */,
				C7CAEE1B22F3E1FF00FB4A9A /* Assets.xcassets */,
				C7CAEE1D22F3E1FF00FB4A9A /* LaunchScreen.storyboard */,
				C7CAEE2022F3E1FF00FB4A9A /* Info.plist */,
				C7CAEE2122F3E1FF00FB4A9A /* main.m */,
			);
			path = "GuidePage-Demo";
			sourceTree = "<group>";
		};
		C7CAEE2A22F3E1FF00FB4A9A /* GuidePage-DemoTests */ = {
			isa = PBXGroup;
			children = (
				C7CAEE2B22F3E1FF00FB4A9A /* GuidePage_DemoTests.m */,
				C7CAEE2D22F3E1FF00FB4A9A /* Info.plist */,
			);
			path = "GuidePage-DemoTests";
			sourceTree = "<group>";
		};
		C7CAEE3522F3E1FF00FB4A9A /* GuidePage-DemoUITests */ = {
			isa = PBXGroup;
			children = (
				C7CAEE3622F3E1FF00FB4A9A /* GuidePage_DemoUITests.m */,
				C7CAEE3822F3E1FF00FB4A9A /* Info.plist */,
			);
			path = "GuidePage-DemoUITests";
			sourceTree = "<group>";
		};
		C7CAEE4422F3E24D00FB4A9A /* Guide */ = {
			isa = PBXGroup;
			children = (
				C7CAEE4522F3E26800FB4A9A /* ZLGuidePageView.h */,
				C7CAEE4622F3E26800FB4A9A /* ZLGuidePageView.m */,
				C7CAEE4822F3E40400FB4A9A /* ZLGifImageOperation.h */,
				C7CAEE4922F3E40400FB4A9A /* ZLGifImageOperation.m */,
				C7CAEE4C22F3E4C300FB4A9A /* AppMacro.h */,
			);
			name = Guide;
			sourceTree = "<group>";
		};
		C7CAEE5722F44EEA00FB4A9A /* Image */ = {
			isa = PBXGroup;
			children = (
				C7CAEE5922F44EF300FB4A9A /* guideImage6.gif */,
				C7CAEE5822F44EF300FB4A9A /* guideImage7.gif */,
				C7CAEE5A22F44EF300FB4A9A /* guideImage8.gif */,
				C7CAEE5E22F4500700FB4A9A /* guideMovie1.mov */,
			);
			path = Image;
			sourceTree = "<group>";
		};
/* End PBXGroup section */

/* Begin PBXNativeTarget section */
		C7CAEE0E22F3E1FD00FB4A9A /* GuidePage-Demo */ = {
			isa = PBXNativeTarget;
			buildConfigurationList = C7CAEE3B22F3E1FF00FB4A9A /* Build configuration list for PBXNativeTarget "GuidePage-Demo" */;
			buildPhases = (
				C7CAEE0B22F3E1FD00FB4A9A /* Sources */,
				C7CAEE0C22F3E1FD00FB4A9A /* Frameworks */,
				C7CAEE0D22F3E1FD00FB4A9A /* Resources */,
			);
			buildRules = (
			);
			dependencies = (
			);
			name = "GuidePage-Demo";
			productName = "GuidePage-Demo";
			productReference = C7CAEE0F22F3E1FD00FB4A9A /* GuidePage-Demo.app */;
			productType = "com.apple.product-type.application";
		};
		C7CAEE2622F3E1FF00FB4A9A /* GuidePage-DemoTests */ = {
			isa = PBXNativeTarget;
			buildConfigurationList = C7CAEE3E22F3E1FF00FB4A9A /* Build configuration list for PBXNativeTarget "GuidePage-DemoTests" */;
			buildPhases = (
				C7CAEE2322F3E1FF00FB4A9A /* Sources */,
				C7CAEE2422F3E1FF00FB4A9A /* Frameworks */,
				C7CAEE2522F3E1FF00FB4A9A /* Resources */,
			);
			buildRules = (
			);
			dependencies = (
				C7CAEE2922F3E1FF00FB4A9A /* PBXTargetDependency */,
			);
			name = "GuidePage-DemoTests";
			productName = "GuidePage-DemoTests";
			productReference = C7CAEE2722F3E1FF00FB4A9A /* GuidePage-DemoTests.xctest */;
			productType = "com.apple.product-type.bundle.unit-test";
		};
		C7CAEE3122F3E1FF00FB4A9A /* GuidePage-DemoUITests */ = {
			isa = PBXNativeTarget;
			buildConfigurationList = C7CAEE4122F3E1FF00FB4A9A /* Build configuration list for PBXNativeTarget "GuidePage-DemoUITests" */;
			buildPhases = (
				C7CAEE2E22F3E1FF00FB4A9A /* Sources */,
				C7CAEE2F22F3E1FF00FB4A9A /* Frameworks */,
				C7CAEE3022F3E1FF00FB4A9A /* Resources */,
			);
			buildRules = (
			);
			dependencies = (
				C7CAEE3422F3E1FF00FB4A9A /* PBXTargetDependency */,
			);
			name = "GuidePage-DemoUITests";
			productName = "GuidePage-DemoUITests";
			productReference = C7CAEE3222F3E1FF00FB4A9A /* GuidePage-DemoUITests.xctest */;
			productType = "com.apple.product-type.bundle.ui-testing";
		};
/* End PBXNativeTarget section */

/* Begin PBXProject section */
		C7CAEE0722F3E1FD00FB4A9A /* Project object */ = {
			isa = PBXProject;
			attributes = {
				LastUpgradeCheck = 1020;
				ORGANIZATIONNAME = "王泽龙";
				TargetAttributes = {
					C7CAEE0E22F3E1FD00FB4A9A = {
						CreatedOnToolsVersion = 10.2.1;
					};
					C7CAEE2622F3E1FF00FB4A9A = {
						CreatedOnToolsVersion = 10.2.1;
						TestTargetID = C7CAEE0E22F3E1FD00FB4A9A;
					};
					C7CAEE3122F3E1FF00FB4A9A = {
						CreatedOnToolsVersion = 10.2.1;
						TestTargetID = C7CAEE0E22F3E1FD00FB4A9A;
					};
				};
			};
			buildConfigurationList = C7CAEE0A22F3E1FD00FB4A9A /* Build configuration list for PBXProject "GuidePage-Demo" */;
			compatibilityVersion = "Xcode 9.3";
			developmentRegion = en;
			hasScannedForEncodings = 0;
			knownRegions = (
				en,
				Base,
			);
			mainGroup = C7CAEE0622F3E1FD00FB4A9A;
			productRefGroup = C7CAEE1022F3E1FD00FB4A9A /* Products */;
			projectDirPath = "";
			projectRoot = "";
			targets = (
				C7CAEE0E22F3E1FD00FB4A9A /* GuidePage-Demo */,
				C7CAEE2622F3E1FF00FB4A9A /* GuidePage-DemoTests */,
				C7CAEE3122F3E1FF00FB4A9A /* GuidePage-DemoUITests */,
			);
		};
/* End PBXProject section */

/* Begin PBXResourcesBuildPhase section */
		C7CAEE0D22F3E1FD00FB4A9A /* Resources */ = {
			isa = PBXResourcesBuildPhase;
			buildActionMask = 2147483647;
			files = (
				C7CAEE5D22F44EF300FB4A9A /* guideImage8.gif in Resources */,
				C7CAEE1F22F3E1FF00FB4A9A /* LaunchScreen.storyboard in Resources */,
				C7CAEE1C22F3E1FF00FB4A9A /* Assets.xcassets in Resources */,
				C7CAEE1A22F3E1FD00FB4A9A /* Main.storyboard in Resources */,
				C7CAEE5C22F44EF300FB4A9A /* guideImage6.gif in Resources */,
				C7CAEE5F22F4500700FB4A9A /* guideMovie1.mov in Resources */,
				C7CAEE5B22F44EF300FB4A9A /* guideImage7.gif in Resources */,
			);
			runOnlyForDeploymentPostprocessing = 0;
		};
		C7CAEE2522F3E1FF00FB4A9A /* Resources */ = {
			isa = PBXResourcesBuildPhase;
			buildActionMask = 2147483647;
			files = (
			);
			runOnlyForDeploymentPostprocessing = 0;
		};
		C7CAEE3022F3E1FF00FB4A9A /* Resources */ = {
			isa = PBXResourcesBuildPhase;
			buildActionMask = 2147483647;
			files = (
			);
			runOnlyForDeploymentPostprocessing = 0;
		};
/* End PBXResourcesBuildPhase section */

/* Begin PBXSourcesBuildPhase section */
		C7CAEE0B22F3E1FD00FB4A9A /* Sources */ = {
			isa = PBXSourcesBuildPhase;
			buildActionMask = 2147483647;
			files = (
				C7CAEE4722F3E26800FB4A9A /* ZLGuidePageView.m in Sources */,
				C7CAEE1722F3E1FD00FB4A9A /* ViewController.m in Sources */,
				C7CAEE2222F3E1FF00FB4A9A /* main.m in Sources */,
				C7CAEE1422F3E1FD00FB4A9A /* AppDelegate.m in Sources */,
				C7CAEE4A22F3E40400FB4A9A /* ZLGifImageOperation.m in Sources */,
				C7CAEE5022F40A5700FB4A9A /* HomeViewController.m in Sources */,
			);
			runOnlyForDeploymentPostprocessing = 0;
		};
		C7CAEE2322F3E1FF00FB4A9A /* Sources */ = {
			isa = PBXSourcesBuildPhase;
			buildActionMask = 2147483647;
			files = (
				C7CAEE2C22F3E1FF00FB4A9A /* GuidePage_DemoTests.m in Sources */,
			);
			runOnlyForDeploymentPostprocessing = 0;
		};
		C7CAEE2E22F3E1FF00FB4A9A /* Sources */ = {
			isa = PBXSourcesBuildPhase;
			buildActionMask = 2147483647;
			files = (
				C7CAEE3722F3E1FF00FB4A9A /* GuidePage_DemoUITests.m in Sources */,
			);
			runOnlyForDeploymentPostprocessing = 0;
		};
/* End PBXSourcesBuildPhase section */

/* Begin PBXTargetDependency section */
		C7CAEE2922F3E1FF00FB4A9A /* PBXTargetDependency */ = {
			isa = PBXTargetDependency;
			target = C7CAEE0E22F3E1FD00FB4A9A /* GuidePage-Demo */;
			targetProxy = C7CAEE2822F3E1FF00FB4A9A /* PBXContainerItemProxy */;
		};
		C7CAEE3422F3E1FF00FB4A9A /* PBXTargetDependency */ = {
			isa = PBXTargetDependency;
			target = C7CAEE0E22F3E1FD00FB4A9A /* GuidePage-Demo */;
			targetProxy = C7CAEE3322F3E1FF00FB4A9A /* PBXContainerItemProxy */;
		};
/* End PBXTargetDependency section */

/* Begin PBXVariantGroup section */
		C7CAEE1822F3E1FD00FB4A9A /* Main.storyboard */ = {
			isa = PBXVariantGroup;
			children = (
				C7CAEE1922F3E1FD00FB4A9A /* Base */,
			);
			name = Main.storyboard;
			sourceTree = "<group>";
		};
		C7CAEE1D22F3E1FF00FB4A9A /* LaunchScreen.storyboard */ = {
			isa = PBXVariantGroup;
			children = (
				C7CAEE1E22F3E1FF00FB4A9A /* Base */,
			);
			name = LaunchScreen.storyboard;
			sourceTree = "<group>";
		};
/* End PBXVariantGroup section */

/* Begin XCBuildConfiguration section */
		C7CAEE3922F3E1FF00FB4A9A /* Debug */ = {
			isa = XCBuildConfiguration;
			buildSettings = {
				ALWAYS_SEARCH_USER_PATHS = NO;
				CLANG_ANALYZER_NONNULL = YES;
				CLANG_ANALYZER_NUMBER_OBJECT_CONVERSION = YES_AGGRESSIVE;
				CLANG_CXX_LANGUAGE_STANDARD = "gnu++14";
				CLANG_CXX_LIBRARY = "libc++";
				CLANG_ENABLE_MODULES = YES;
				CLANG_ENABLE_OBJC_ARC = YES;
				CLANG_ENABLE_OBJC_WEAK = YES;
				CLANG_WARN_BLOCK_CAPTURE_AUTORELEASING = YES;
				CLANG_WARN_BOOL_CONVERSION = YES;
				CLANG_WARN_COMMA = YES;
				CLANG_WARN_CONSTANT_CONVERSION = YES;
				CLANG_WARN_DEPRECATED_OBJC_IMPLEMENTATIONS = YES;
				CLANG_WARN_DIRECT_OBJC_ISA_USAGE = YES_ERROR;
				CLANG_WARN_DOCUMENTATION_COMMENTS = YES;
				CLANG_WARN_EMPTY_BODY = YES;
				CLANG_WARN_ENUM_CONVERSION = YES;
				CLANG_WARN_INFINITE_RECURSION = YES;
				CLANG_WARN_INT_CONVERSION = YES;
				CLANG_WARN_NON_LITERAL_NULL_CONVERSION = YES;
				CLANG_WARN_OBJC_IMPLICIT_RETAIN_SELF = YES;
				CLANG_WARN_OBJC_LITERAL_CONVERSION = YES;
				CLANG_WARN_OBJC_ROOT_CLASS = YES_ERROR;
				CLANG_WARN_RANGE_LOOP_ANALYSIS = YES;
				CLANG_WARN_STRICT_PROTOTYPES = YES;
				CLANG_WARN_SUSPICIOUS_MOVE = YES;
				CLANG_WARN_UNGUARDED_AVAILABILITY = YES_AGGRESSIVE;
				CLANG_WARN_UNREACHABLE_CODE = YES;
				CLANG_WARN__DUPLICATE_METHOD_MATCH = YES;
				CODE_SIGN_IDENTITY = "iPhone Developer";
				COPY_PHASE_STRIP = NO;
				DEBUG_INFORMATION_FORMAT = dwarf;
				ENABLE_STRICT_OBJC_MSGSEND = YES;
				ENABLE_TESTABILITY = YES;
				GCC_C_LANGUAGE_STANDARD = gnu11;
				GCC_DYNAMIC_NO_PIC = NO;
				GCC_NO_COMMON_BLOCKS = YES;
				GCC_OPTIMIZATION_LEVEL = 0;
				GCC_PREPROCESSOR_DEFINITIONS = (
					"DEBUG=1",
					"$(inherited)",
				);
				GCC_WARN_64_TO_32_BIT_CONVERSION = YES;
				GCC_WARN_ABOUT_RETURN_TYPE = YES_ERROR;
				GCC_WARN_UNDECLARED_SELECTOR = YES;
				GCC_WARN_UNINITIALIZED_AUTOS = YES_AGGRESSIVE;
				GCC_WARN_UNUSED_FUNCTION = YES;
				GCC_WARN_UNUSED_VARIABLE = YES;
				IPHONEOS_DEPLOYMENT_TARGET = 12.2;
				MTL_ENABLE_DEBUG_INFO = INCLUDE_SOURCE;
				MTL_FAST_MATH = YES;
				ONLY_ACTIVE_ARCH = YES;
				SDKROOT = iphoneos;
			};
			name = Debug;
		};
		C7CAEE3A22F3E1FF00FB4A9A /* Release */ = {
			isa = XCBuildConfiguration;
			buildSettings = {
				ALWAYS_SEARCH_USER_PATHS = NO;
				CLANG_ANALYZER_NONNULL = YES;
				CLANG_ANALYZER_NUMBER_OBJECT_CONVERSION = YES_AGGRESSIVE;
				CLANG_CXX_LANGUAGE_STANDARD = "gnu++14";
				CLANG_CXX_LIBRARY = "libc++";
				CLANG_ENABLE_MODULES = YES;
				CLANG_ENABLE_OBJC_ARC = YES;
				CLANG_ENABLE_OBJC_WEAK = YES;
				CLANG_WARN_BLOCK_CAPTURE_AUTORELEASING = YES;
				CLANG_WARN_BOOL_CONVERSION = YES;
				CLANG_WARN_COMMA = YES;
				CLANG_WARN_CONSTANT_CONVERSION = YES;
				CLANG_WARN_DEPRECATED_OBJC_IMPLEMENTATIONS = YES;
				CLANG_WARN_DIRECT_OBJC_ISA_USAGE = YES_ERROR;
				CLANG_WARN_DOCUMENTATION_COMMENTS = YES;
				CLANG_WARN_EMPTY_BODY = YES;
				CLANG_WARN_ENUM_CONVERSION = YES;
				CLANG_WARN_INFINITE_RECURSION = YES;
				CLANG_WARN_INT_CONVERSION = YES;
				CLANG_WARN_NON_LITERAL_NULL_CONVERSION = YES;
				CLANG_WARN_OBJC_IMPLICIT_RETAIN_SELF = YES;
				CLANG_WARN_OBJC_LITERAL_CONVERSION = YES;
				CLANG_WARN_OBJC_ROOT_CLASS = YES_ERROR;
				CLANG_WARN_RANGE_LOOP_ANALYSIS = YES;
				CLANG_WARN_STRICT_PROTOTYPES = YES;
				CLANG_WARN_SUSPICIOUS_MOVE = YES;
				CLANG_WARN_UNGUARDED_AVAILABILITY = YES_AGGRESSIVE;
				CLANG_WARN_UNREACHABLE_CODE = YES;
				CLANG_WARN__DUPLICATE_METHOD_MATCH = YES;
				CODE_SIGN_IDENTITY = "iPhone Developer";
				COPY_PHASE_STRIP = NO;
				DEBUG_INFORMATION_FORMAT = "dwarf-with-dsym";
				ENABLE_NS_ASSERTIONS = NO;
				ENABLE_STRICT_OBJC_MSGSEND = YES;
				GCC_C_LANGUAGE_STANDARD = gnu11;
				GCC_NO_COMMON_BLOCKS = YES;
				GCC_WARN_64_TO_32_BIT_CONVERSION = YES;
				GCC_WARN_ABOUT_RETURN_TYPE = YES_ERROR;
				GCC_WARN_UNDECLARED_SELECTOR = YES;
				GCC_WARN_UNINITIALIZED_AUTOS = YES_AGGRESSIVE;
				GCC_WARN_UNUSED_FUNCTION = YES;
				GCC_WARN_UNUSED_VARIABLE = YES;
				IPHONEOS_DEPLOYMENT_TARGET = 12.2;
				MTL_ENABLE_DEBUG_INFO = NO;
				MTL_FAST_MATH = YES;
				SDKROOT = iphoneos;
				VALIDATE_PRODUCT = YES;
			};
			name = Release;
		};
		C7CAEE3C22F3E1FF00FB4A9A /* Debug */ = {
			isa = XCBuildConfiguration;
			buildSettings = {
				ASSETCATALOG_COMPILER_APPICON_NAME = AppIcon;
				CODE_SIGN_STYLE = Automatic;
				INFOPLIST_FILE = "GuidePage-Demo/Info.plist";
				LD_RUNPATH_SEARCH_PATHS = (
					"$(inherited)",
					"@executable_path/Frameworks",
				);
				PRODUCT_BUNDLE_IDENTIFIER = "aaa.GuidePage-Demo";
				PRODUCT_NAME = "$(TARGET_NAME)";
				TARGETED_DEVICE_FAMILY = "1,2";
			};
			name = Debug;
		};
		C7CAEE3D22F3E1FF00FB4A9A /* Release */ = {
			isa = XCBuildConfiguration;
			buildSettings = {
				ASSETCATALOG_COMPILER_APPICON_NAME = AppIcon;
				CODE_SIGN_STYLE = Automatic;
				INFOPLIST_FILE = "GuidePage-Demo/Info.plist";
				LD_RUNPATH_SEARCH_PATHS = (
					"$(inherited)",
					"@executable_path/Frameworks",
				);
				PRODUCT_BUNDLE_IDENTIFIER = "aaa.GuidePage-Demo";
				PRODUCT_NAME = "$(TARGET_NAME)";
				TARGETED_DEVICE_FAMILY = "1,2";
			};
			name = Release;
		};
		C7CAEE3F22F3E1FF00FB4A9A /* Debug */ = {
			isa = XCBuildConfiguration;
			buildSettings = {
				BUNDLE_LOADER = "$(TEST_HOST)";
				CODE_SIGN_STYLE = Automatic;
				INFOPLIST_FILE = "GuidePage-DemoTests/Info.plist";
				LD_RUNPATH_SEARCH_PATHS = (
					"$(inherited)",
					"@executable_path/Frameworks",
					"@loader_path/Frameworks",
				);
				PRODUCT_BUNDLE_IDENTIFIER = "aaa.GuidePage-DemoTests";
				PRODUCT_NAME = "$(TARGET_NAME)";
				TARGETED_DEVICE_FAMILY = "1,2";
				TEST_HOST = "$(BUILT_PRODUCTS_DIR)/GuidePage-Demo.app/GuidePage-Demo";
			};
			name = Debug;
		};
		C7CAEE4022F3E1FF00FB4A9A /* Release */ = {
			isa = XCBuildConfiguration;
			buildSettings = {
				BUNDLE_LOADER = "$(TEST_HOST)";
				CODE_SIGN_STYLE = Automatic;
				INFOPLIST_FILE = "GuidePage-DemoTests/Info.plist";
				LD_RUNPATH_SEARCH_PATHS = (
					"$(inherited)",
					"@executable_path/Frameworks",
					"@loader_path/Frameworks",
				);
				PRODUCT_BUNDLE_IDENTIFIER = "aaa.GuidePage-DemoTests";
				PRODUCT_NAME = "$(TARGET_NAME)";
				TARGETED_DEVICE_FAMILY = "1,2";
				TEST_HOST = "$(BUILT_PRODUCTS_DIR)/GuidePage-Demo.app/GuidePage-Demo";
			};
			name = Release;
		};
		C7CAEE4222F3E1FF00FB4A9A /* Debug */ = {
			isa = XCBuildConfiguration;
			buildSettings = {
				CODE_SIGN_STYLE = Automatic;
				INFOPLIST_FILE = "GuidePage-DemoUITests/Info.plist";
				LD_RUNPATH_SEARCH_PATHS = (
					"$(inherited)",
					"@executable_path/Frameworks",
					"@loader_path/Frameworks",
				);
				PRODUCT_BUNDLE_IDENTIFIER = "aaa.GuidePage-DemoUITests";
				PRODUCT_NAME = "$(TARGET_NAME)";
				TARGETED_DEVICE_FAMILY = "1,2";
				TEST_TARGET_NAME = "GuidePage-Demo";
			};
			name = Debug;
		};
		C7CAEE4322F3E1FF00FB4A9A /* Release */ = {
			isa = XCBuildConfiguration;
			buildSettings = {
				CODE_SIGN_STYLE = Automatic;
				INFOPLIST_FILE = "GuidePage-DemoUITests/Info.plist";
				LD_RUNPATH_SEARCH_PATHS = (
					"$(inherited)",
					"@executable_path/Frameworks",
					"@loader_path/Frameworks",
				);
				PRODUCT_BUNDLE_IDENTIFIER = "aaa.GuidePage-DemoUITests";
				PRODUCT_NAME = "$(TARGET_NAME)";
				TARGETED_DEVICE_FAMILY = "1,2";
				TEST_TARGET_NAME = "GuidePage-Demo";
			};
			name = Release;
		};
/* End XCBuildConfiguration section */

/* Begin XCConfigurationList section */
		C7CAEE0A22F3E1FD00FB4A9A /* Build configuration list for PBXProject "GuidePage-Demo" */ = {
			isa = XCConfigurationList;
			buildConfigurations = (
				C7CAEE3922F3E1FF00FB4A9A /* Debug */,
				C7CAEE3A22F3E1FF00FB4A9A /* Release */,
			);
			defaultConfigurationIsVisible = 0;
			defaultConfigurationName = Release;
		};
		C7CAEE3B22F3E1FF00FB4A9A /* Build configuration list for PBXNativeTarget "GuidePage-Demo" */ = {
			isa = XCConfigurationList;
			buildConfigurations = (
				C7CAEE3C22F3E1FF00FB4A9A /* Debug */,
				C7CAEE3D22F3E1FF00FB4A9A /* Release */,
			);
			defaultConfigurationIsVisible = 0;
			defaultConfigurationName = Release;
		};
		C7CAEE3E22F3E1FF00FB4A9A /* Build configuration list for PBXNativeTarget "GuidePage-DemoTests" */ = {
			isa = XCConfigurationList;
			buildConfigurations = (
				C7CAEE3F22F3E1FF00FB4A9A /* Debug */,
				C7CAEE4022F3E1FF00FB4A9A /* Release */,
			);
			defaultConfigurationIsVisible = 0;
			defaultConfigurationName = Release;
		};
		C7CAEE4122F3E1FF00FB4A9A /* Build configuration list for PBXNativeTarget "GuidePage-DemoUITests" */ = {
			isa = XCConfigurationList;
			buildConfigurations = (
				C7CAEE4222F3E1FF00FB4A9A /* Debug */,
				C7CAEE4322F3E1FF00FB4A9A /* Release */,
			);
			defaultConfigurationIsVisible = 0;
			defaultConfigurationName = Release;
		};
/* End XCConfigurationList section */
	};
	rootObject = C7CAEE0722F3E1FD00FB4A9A /* Project object */;
}
